
Microsoft Visual Studio Solution File, Format Version 12.00
# Visual Studio Version 17
VisualStudioVersion = 17.8.34322.80
MinimumVisualStudioVersion = 10.0.40219.1
Project("{FAE04EC0-301F-11D3-BF4B-00C04F79EFBC}") = "Lab1", "Lab1\Lab1.csproj", "{EFD30EE2-227B-4442-9BFE-666C5CC24539}"
EndProject
Project("{FAE04EC0-301F-11D3-BF4B-00C04F79EFBC}") = "Lab1_2", "Lab1_2\Lab1_2.csproj", "{0E1800E5-1725-4705-BB77-25465D5918AE}"
EndProject
Project("{FAE04EC0-301F-11D3-BF4B-00C04F79EFBC}") = "TestProject1", "TestProject1\TestProject1.csproj", "{CA888FE6-056A-4976-A0BE-8A74C4999CF6}"
EndProject
Global
	GlobalSection(SolutionConfigurationPlatforms) = preSolution
		Debug|Any CPU = Debug|Any CPU
		Release|Any CPU = Release|Any CPU
	EndGlobalSection
	GlobalSection(ProjectConfigurationPlatforms) = postSolution
		{EFD30EE2-227B-4442-9BFE-666C5CC24539}.Debug|Any CPU.ActiveCfg = Debug|Any CPU
		{EFD30EE2-227B-4442-9BFE-666C5CC24539}.Debug|Any CPU.Build.0 = Debug|Any CPU
		{EFD30EE2-227B-4442-9BFE-666C5CC24539}.Release|Any CPU.ActiveCfg = Release|Any CPU
		{EFD30EE2-227B-4442-9BFE-666C5CC24539}.Release|Any CPU.Build.0 = Release|Any CPU
		{0E1800E5-1725-4705-BB77-25465D5918AE}.Debug|Any CPU.ActiveCfg = Debug|Any CPU
		{0E1800E5-1725-4705-BB77-25465D5918AE}.Debug|Any CPU.Build.0 = Debug|Any CPU
		{0E1800E5-1725-4705-BB77-25465D5918AE}.Release|Any CPU.ActiveCfg = Release|Any CPU
		{0E1800E5-1725-4705-BB77-25465D5918AE}.Release|Any CPU.Build.0 = Release|Any CPU
		{CA888FE6-056A-4976-A0BE-8A74C4999CF6}.Debug|Any CPU.ActiveCfg = Debug|Any CPU
		{CA888FE6-056A-4976-A0BE-8A74C4999CF6}.Debug|Any CPU.Build.0 = Debug|Any CPU
		{CA888FE6-056A-4976-A0BE-8A74C4999CF6}.Release|Any CPU.ActiveCfg = Release|Any CPU
		{CA888FE6-056A-4976-A0BE-8A74C4999CF6}.Release|Any CPU.Build.0 = Release|Any CPU
	EndGlobalSection
	GlobalSection(SolutionProperties) = preSolution
		HideSolutionNode = FALSE
	EndGlobalSection
	GlobalSection(ExtensibilityGlobals) = postSolution
		SolutionGuid = {7E85B285-6244-49B4-B593-7BB844421941}
	EndGlobalSection
EndGlobal
